
Microsoft Visual Studio Solution File, Format Version 12.00
# Visual Studio 15
VisualStudioVersion = 15.0.26730.12
MinimumVisualStudioVersion = 10.0.40219.1
Project("{FAE04EC0-301F-11D3-BF4B-00C04F79EFBC}") = "Qlik", "Qlik\Qlik.csproj", "{ABCF039A-A312-4F8C-9586-817226D38C2C}"
EndProject
Global
	GlobalSection(SolutionConfigurationPlatforms) = preSolution
		Debug|Any CPU = Debug|Any CPU
		Release|Any CPU = Release|Any CPU
	EndGlobalSection
	GlobalSection(ProjectConfigurationPlatforms) = postSolution
		{ABCF039A-A312-4F8C-9586-817226D38C2C}.Debug|Any CPU.ActiveCfg = Debug|Any CPU
		{ABCF039A-A312-4F8C-9586-817226D38C2C}.Debug|Any CPU.Build.0 = Debug|Any CPU
		{ABCF039A-A312-4F8C-9586-817226D38C2C}.Release|Any CPU.ActiveCfg = Release|Any CPU
		{ABCF039A-A312-4F8C-9586-817226D38C2C}.Release|Any CPU.Build.0 = Release|Any CPU
	EndGlobalSection
	GlobalSection(SolutionProperties) = preSolution
		HideSolutionNode = FALSE
	EndGlobalSection
	GlobalSection(ExtensibilityGlobals) = postSolution
		SolutionGuid = {46EEE14E-0E1D-40EC-8F0D-A5B93CC33CAE}
	EndGlobalSection
EndGlobal
